
Microsoft Visual Studio Solution File, Format Version 12.00
# Visual Studio Version 16
VisualStudioVersion = 16.0.30517.126
MinimumVisualStudioVersion = 10.0.40219.1
Project("{FAE04EC0-301F-11D3-BF4B-00C04F79EFBC}") = "711.Common", "711.Common\711.Common.csproj", "{79CE18D7-A154-4A93-AC3D-97EF1678248A}"
EndProject
Project("{2150E333-8FDC-42A3-9474-1A3956D46DE8}") = "Common", "Common", "{EEB1F167-3410-4DBE-B605-914037558490}"
EndProject
Project("{2150E333-8FDC-42A3-9474-1A3956D46DE8}") = "DAL", "DAL", "{9BCFBF47-E697-4B37-A9DF-8BC0DA94BDCF}"
EndProject
Project("{2150E333-8FDC-42A3-9474-1A3956D46DE8}") = "PL", "PL", "{E6CB06F0-4054-41CB-8349-473726D2C065}"
EndProject
Project("{2150E333-8FDC-42A3-9474-1A3956D46DE8}") = "BLL", "BLL", "{FE9A9DEC-9630-48CD-81B6-D09E15739A8A}"
EndProject
Project("{FAE04EC0-301F-11D3-BF4B-00C04F79EFBC}") = "711.Entities", "711.Entities\711.Entities.csproj", "{39D53BA0-EE40-48C8-B554-850F17B3D870}"
EndProject
Project("{FAE04EC0-301F-11D3-BF4B-00C04F79EFBC}") = "711.DAL", "711.DAL\711.DAL.csproj", "{857A12CF-EDD6-4304-8EE7-83484B2FFC9F}"
EndProject
Project("{FAE04EC0-301F-11D3-BF4B-00C04F79EFBC}") = "711.DAL.Interfaces", "711.DAL.Interfaces\711.DAL.Interfaces.csproj", "{60D3FFA8-549D-4D2E-BD8E-C59D3C492983}"
EndProject
Project("{FAE04EC0-301F-11D3-BF4B-00C04F79EFBC}") = "711.BLL", "711.BLL\711.BLL.csproj", "{DC8A18F6-77F9-4BB6-B4A7-F834611FB461}"
EndProject
Project("{FAE04EC0-301F-11D3-BF4B-00C04F79EFBC}") = "711.BLL.Interfaces", "711.BLL.Interfaces\711.BLL.Interfaces.csproj", "{3271865F-830A-4897-A27F-A768F6148677}"
EndProject
Project("{FAE04EC0-301F-11D3-BF4B-00C04F79EFBC}") = "711.PLweb", "711.PLweb\711.PLweb.csproj", "{B3C53FB4-C005-4EBA-BA7A-A7E29B432C4F}"
EndProject
Global
	GlobalSection(SolutionConfigurationPlatforms) = preSolution
		Debug|Any CPU = Debug|Any CPU
		Release|Any CPU = Release|Any CPU
	EndGlobalSection
	GlobalSection(ProjectConfigurationPlatforms) = postSolution
		{79CE18D7-A154-4A93-AC3D-97EF1678248A}.Debug|Any CPU.ActiveCfg = Debug|Any CPU
		{79CE18D7-A154-4A93-AC3D-97EF1678248A}.Debug|Any CPU.Build.0 = Debug|Any CPU
		{79CE18D7-A154-4A93-AC3D-97EF1678248A}.Release|Any CPU.ActiveCfg = Release|Any CPU
		{79CE18D7-A154-4A93-AC3D-97EF1678248A}.Release|Any CPU.Build.0 = Release|Any CPU
		{39D53BA0-EE40-48C8-B554-850F17B3D870}.Debug|Any CPU.ActiveCfg = Debug|Any CPU
		{39D53BA0-EE40-48C8-B554-850F17B3D870}.Debug|Any CPU.Build.0 = Debug|Any CPU
		{39D53BA0-EE40-48C8-B554-850F17B3D870}.Release|Any CPU.ActiveCfg = Release|Any CPU
		{39D53BA0-EE40-48C8-B554-850F17B3D870}.Release|Any CPU.Build.0 = Release|Any CPU
		{857A12CF-EDD6-4304-8EE7-83484B2FFC9F}.Debug|Any CPU.ActiveCfg = Debug|Any CPU
		{857A12CF-EDD6-4304-8EE7-83484B2FFC9F}.Debug|Any CPU.Build.0 = Debug|Any CPU
		{857A12CF-EDD6-4304-8EE7-83484B2FFC9F}.Release|Any CPU.ActiveCfg = Release|Any CPU
		{857A12CF-EDD6-4304-8EE7-83484B2FFC9F}.Release|Any CPU.Build.0 = Release|Any CPU
		{60D3FFA8-549D-4D2E-BD8E-C59D3C492983}.Debug|Any CPU.ActiveCfg = Debug|Any CPU
		{60D3FFA8-549D-4D2E-BD8E-C59D3C492983}.Debug|Any CPU.Build.0 = Debug|Any CPU
		{60D3FFA8-549D-4D2E-BD8E-C59D3C492983}.Release|Any CPU.ActiveCfg = Release|Any CPU
		{60D3FFA8-549D-4D2E-BD8E-C59D3C492983}.Release|Any CPU.Build.0 = Release|Any CPU
		{DC8A18F6-77F9-4BB6-B4A7-F834611FB461}.Debug|Any CPU.ActiveCfg = Debug|Any CPU
		{DC8A18F6-77F9-4BB6-B4A7-F834611FB461}.Debug|Any CPU.Build.0 = Debug|Any CPU
		{DC8A18F6-77F9-4BB6-B4A7-F834611FB461}.Release|Any CPU.ActiveCfg = Release|Any CPU
		{DC8A18F6-77F9-4BB6-B4A7-F834611FB461}.Release|Any CPU.Build.0 = Release|Any CPU
		{3271865F-830A-4897-A27F-A768F6148677}.Debug|Any CPU.ActiveCfg = Debug|Any CPU
		{3271865F-830A-4897-A27F-A768F6148677}.Debug|Any CPU.Build.0 = Debug|Any CPU
		{3271865F-830A-4897-A27F-A768F6148677}.Release|Any CPU.ActiveCfg = Release|Any CPU
		{3271865F-830A-4897-A27F-A768F6148677}.Release|Any CPU.Build.0 = Release|Any CPU
		{B3C53FB4-C005-4EBA-BA7A-A7E29B432C4F}.Debug|Any CPU.ActiveCfg = Debug|Any CPU
		{B3C53FB4-C005-4EBA-BA7A-A7E29B432C4F}.Debug|Any CPU.Build.0 = Debug|Any CPU
		{B3C53FB4-C005-4EBA-BA7A-A7E29B432C4F}.Release|Any CPU.ActiveCfg = Release|Any CPU
		{B3C53FB4-C005-4EBA-BA7A-A7E29B432C4F}.Release|Any CPU.Build.0 = Release|Any CPU
	EndGlobalSection
	GlobalSection(SolutionProperties) = preSolution
		HideSolutionNode = FALSE
	EndGlobalSection
	GlobalSection(NestedProjects) = preSolution
		{79CE18D7-A154-4A93-AC3D-97EF1678248A} = {EEB1F167-3410-4DBE-B605-914037558490}
		{39D53BA0-EE40-48C8-B554-850F17B3D870} = {EEB1F167-3410-4DBE-B605-914037558490}
		{857A12CF-EDD6-4304-8EE7-83484B2FFC9F} = {9BCFBF47-E697-4B37-A9DF-8BC0DA94BDCF}
		{60D3FFA8-549D-4D2E-BD8E-C59D3C492983} = {9BCFBF47-E697-4B37-A9DF-8BC0DA94BDCF}
		{DC8A18F6-77F9-4BB6-B4A7-F834611FB461} = {FE9A9DEC-9630-48CD-81B6-D09E15739A8A}
		{3271865F-830A-4897-A27F-A768F6148677} = {FE9A9DEC-9630-48CD-81B6-D09E15739A8A}
		{B3C53FB4-C005-4EBA-BA7A-A7E29B432C4F} = {E6CB06F0-4054-41CB-8349-473726D2C065}
	EndGlobalSection
	GlobalSection(ExtensibilityGlobals) = postSolution
		SolutionGuid = {D6BB3118-A9FD-4488-92DB-CAB4E3FFDBFE}
	EndGlobalSection
EndGlobal
